// !$*UTF8*$!
{
	archiveVersion = 1;
	classes = {
	};
	objectVersion = 56;
	objects = {

/* Begin PBXBuildFile section */
		D77299FE2B0FE30700D6F7B2 /* AppDelegate.swift in Sources */ = {isa = PBXBuildFile; fileRef = D77299FD2B0FE30700D6F7B2 /* AppDelegate.swift */; };
		D7729A002B0FE30700D6F7B2 /* SceneDelegate.swift in Sources */ = {isa = PBXBuildFile; fileRef = D77299FF2B0FE30700D6F7B2 /* SceneDelegate.swift */; };
		D7729A022B0FE30700D6F7B2 /* ViewController.swift in Sources */ = {isa = PBXBuildFile; fileRef = D7729A012B0FE30700D6F7B2 /* ViewController.swift */; };
		D7729A072B0FE30900D6F7B2 /* Assets.xcassets in Resources */ = {isa = PBXBuildFile; fileRef = D7729A062B0FE30900D6F7B2 /* Assets.xcassets */; };
		D7729A0A2B0FE30900D6F7B2 /* LaunchScreen.storyboard in Resources */ = {isa = PBXBuildFile; fileRef = D7729A082B0FE30900D6F7B2 /* LaunchScreen.storyboard */; };
		D7A8405B2B13D2D80069FEE3 /* CustomTableViewCell.swift in Sources */ = {isa = PBXBuildFile; fileRef = D7A8405A2B13D2D80069FEE3 /* CustomTableViewCell.swift */; };
		D7A8405F2B13D52A0069FEE3 /* CellModel.swift in Sources */ = {isa = PBXBuildFile; fileRef = D7A8405E2B13D52A0069FEE3 /* CellModel.swift */; };
		D7A840622B13DB3C0069FEE3 /* ViewExtentions.swift in Sources */ = {isa = PBXBuildFile; fileRef = D7A840612B13DB3C0069FEE3 /* ViewExtentions.swift */; };
		D7A840642B15183D0069FEE3 /* SecondViewController.swift in Sources */ = {isa = PBXBuildFile; fileRef = D7A840632B15183D0069FEE3 /* SecondViewController.swift */; };
/* End PBXBuildFile section */

/* Begin PBXFileReference section */
		D77299FA2B0FE30700D6F7B2 /* HW-5(UITableView).app */ = {isa = PBXFileReference; explicitFileType = wrapper.application; includeInIndex = 0; path = "HW-5(UITableView).app"; sourceTree = BUILT_PRODUCTS_DIR; };
		D77299FD2B0FE30700D6F7B2 /* AppDelegate.swift */ = {isa = PBXFileReference; lastKnownFileType = sourcecode.swift; path = AppDelegate.swift; sourceTree = "<group>"; };
		D77299FF2B0FE30700D6F7B2 /* SceneDelegate.swift */ = {isa = PBXFileReference; lastKnownFileType = sourcecode.swift; path = SceneDelegate.swift; sourceTree = "<group>"; };
		D7729A012B0FE30700D6F7B2 /* ViewController.swift */ = {isa = PBXFileReference; lastKnownFileType = sourcecode.swift; path = ViewController.swift; sourceTree = "<group>"; };
		D7729A062B0FE30900D6F7B2 /* Assets.xcassets */ = {isa = PBXFileReference; lastKnownFileType = folder.assetcatalog; path = Assets.xcassets; sourceTree = "<group>"; };
		D7729A092B0FE30900D6F7B2 /* Base */ = {isa = PBXFileReference; lastKnownFileType = file.storyboard; name = Base; path = Base.lproj/LaunchScreen.storyboard; sourceTree = "<group>"; };
		D7729A0B2B0FE30900D6F7B2 /* Info.plist */ = {isa = PBXFileReference; lastKnownFileType = text.plist.xml; path = Info.plist; sourceTree = "<group>"; };
		D7A8405A2B13D2D80069FEE3 /* CustomTableViewCell.swift */ = {isa = PBXFileReference; lastKnownFileType = sourcecode.swift; path = CustomTableViewCell.swift; sourceTree = "<group>"; };
		D7A8405E2B13D52A0069FEE3 /* CellModel.swift */ = {isa = PBXFileReference; lastKnownFileType = sourcecode.swift; path = CellModel.swift; sourceTree = "<group>"; };
		D7A840612B13DB3C0069FEE3 /* ViewExtentions.swift */ = {isa = PBXFileReference; lastKnownFileType = sourcecode.swift; path = ViewExtentions.swift; sourceTree = "<group>"; };
		D7A840632B15183D0069FEE3 /* SecondViewController.swift */ = {isa = PBXFileReference; lastKnownFileType = sourcecode.swift; path = SecondViewController.swift; sourceTree = "<group>"; };
/* End PBXFileReference section */

/* Begin PBXFrameworksBuildPhase section */
		D77299F72B0FE30700D6F7B2 /* Frameworks */ = {
			isa = PBXFrameworksBuildPhase;
			buildActionMask = 2147483647;
			files = (
			);
			runOnlyForDeploymentPostprocessing = 0;
		};
/* End PBXFrameworksBuildPhase section */

/* Begin PBXGroup section */
		D77299F12B0FE30700D6F7B2 = {
			isa = PBXGroup;
			children = (
				D77299FC2B0FE30700D6F7B2 /* HW-5(UITableView) */,
				D77299FB2B0FE30700D6F7B2 /* Products */,
			);
			sourceTree = "<group>";
		};
		D77299FB2B0FE30700D6F7B2 /* Products */ = {
			isa = PBXGroup;
			children = (
				D77299FA2B0FE30700D6F7B2 /* HW-5(UITableView).app */,
			);
			name = Products;
			sourceTree = "<group>";
		};
		D77299FC2B0FE30700D6F7B2 /* HW-5(UITableView) */ = {
			isa = PBXGroup;
			children = (
				D7A840602B13DB210069FEE3 /* Extentions */,
				D7A8405D2B13D5170069FEE3 /* Model */,
				D7A840582B13D2B50069FEE3 /* View */,
				D7A8405C2B13D3110069FEE3 /* ViewControllers */,
				D7729A062B0FE30900D6F7B2 /* Assets.xcassets */,
				D77299FD2B0FE30700D6F7B2 /* AppDelegate.swift */,
				D77299FF2B0FE30700D6F7B2 /* SceneDelegate.swift */,
				D7729A082B0FE30900D6F7B2 /* LaunchScreen.storyboard */,
				D7729A0B2B0FE30900D6F7B2 /* Info.plist */,
			);
			path = "HW-5(UITableView)";
			sourceTree = "<group>";
		};
		D7A840582B13D2B50069FEE3 /* View */ = {
			isa = PBXGroup;
			children = (
				D7A840592B13D2BE0069FEE3 /* Cell */,
			);
			path = View;
			sourceTree = "<group>";
		};
		D7A840592B13D2BE0069FEE3 /* Cell */ = {
			isa = PBXGroup;
			children = (
				D7A8405A2B13D2D80069FEE3 /* CustomTableViewCell.swift */,
			);
			path = Cell;
			sourceTree = "<group>";
		};
		D7A8405C2B13D3110069FEE3 /* ViewControllers */ = {
			isa = PBXGroup;
			children = (
				D7729A012B0FE30700D6F7B2 /* ViewController.swift */,
				D7A840632B15183D0069FEE3 /* SecondViewController.swift */,
			);
			path = ViewControllers;
			sourceTree = "<group>";
		};
		D7A8405D2B13D5170069FEE3 /* Model */ = {
			isa = PBXGroup;
			children = (
				D7A8405E2B13D52A0069FEE3 /* CellModel.swift */,
			);
			path = Model;
			sourceTree = "<group>";
		};
		D7A840602B13DB210069FEE3 /* Extentions */ = {
			isa = PBXGroup;
			children = (
				D7A840612B13DB3C0069FEE3 /* ViewExtentions.swift */,
			);
			path = Extentions;
			sourceTree = "<group>";
		};
/* End PBXGroup section */

/* Begin PBXNativeTarget section */
		D77299F92B0FE30700D6F7B2 /* HW-5(UITableView) */ = {
			isa = PBXNativeTarget;
			buildConfigurationList = D7729A0E2B0FE30900D6F7B2 /* Build configuration list for PBXNativeTarget "HW-5(UITableView)" */;
			buildPhases = (
				D77299F62B0FE30700D6F7B2 /* Sources */,
				D77299F72B0FE30700D6F7B2 /* Frameworks */,
				D77299F82B0FE30700D6F7B2 /* Resources */,
			);
			buildRules = (
			);
			dependencies = (
			);
			name = "HW-5(UITableView)";
			productName = "HW-5(UITableView)";
			productReference = D77299FA2B0FE30700D6F7B2 /* HW-5(UITableView).app */;
			productType = "com.apple.product-type.application";
		};
/* End PBXNativeTarget section */

/* Begin PBXProject section */
		D77299F22B0FE30700D6F7B2 /* Project object */ = {
			isa = PBXProject;
			attributes = {
				BuildIndependentTargetsInParallel = 1;
				LastSwiftUpdateCheck = 1500;
				LastUpgradeCheck = 1500;
				TargetAttributes = {
					D77299F92B0FE30700D6F7B2 = {
						CreatedOnToolsVersion = 15.0;
					};
				};
			};
			buildConfigurationList = D77299F52B0FE30700D6F7B2 /* Build configuration list for PBXProject "HW-5(UITableView)" */;
			compatibilityVersion = "Xcode 14.0";
			developmentRegion = en;
			hasScannedForEncodings = 0;
			knownRegions = (
				en,
				Base,
			);
			mainGroup = D77299F12B0FE30700D6F7B2;
			productRefGroup = D77299FB2B0FE30700D6F7B2 /* Products */;
			projectDirPath = "";
			projectRoot = "";
			targets = (
				D77299F92B0FE30700D6F7B2 /* HW-5(UITableView) */,
			);
		};
/* End PBXProject section */

/* Begin PBXResourcesBuildPhase section */
		D77299F82B0FE30700D6F7B2 /* Resources */ = {
			isa = PBXResourcesBuildPhase;
			buildActionMask = 2147483647;
			files = (
				D7729A0A2B0FE30900D6F7B2 /* LaunchScreen.storyboard in Resources */,
				D7729A072B0FE30900D6F7B2 /* Assets.xcassets in Resources */,
			);
			runOnlyForDeploymentPostprocessing = 0;
		};
/* End PBXResourcesBuildPhase section */

/* Begin PBXSourcesBuildPhase section */
		D77299F62B0FE30700D6F7B2 /* Sources */ = {
			isa = PBXSourcesBuildPhase;
			buildActionMask = 2147483647;
			files = (
				D7729A022B0FE30700D6F7B2 /* ViewController.swift in Sources */,
				D77299FE2B0FE30700D6F7B2 /* AppDelegate.swift in Sources */,
				D7A8405B2B13D2D80069FEE3 /* CustomTableViewCell.swift in Sources */,
				D7A840622B13DB3C0069FEE3 /* ViewExtentions.swift in Sources */,
				D7A840642B15183D0069FEE3 /* SecondViewController.swift in Sources */,
				D7A8405F2B13D52A0069FEE3 /* CellModel.swift in Sources */,
				D7729A002B0FE30700D6F7B2 /* SceneDelegate.swift in Sources */,
			);
			runOnlyForDeploymentPostprocessing = 0;
		};
/* End PBXSourcesBuildPhase section */

/* Begin PBXVariantGroup section */
		D7729A082B0FE30900D6F7B2 /* LaunchScreen.storyboard */ = {
			isa = PBXVariantGroup;
			children = (
				D7729A092B0FE30900D6F7B2 /* Base */,
			);
			name = LaunchScreen.storyboard;
			sourceTree = "<group>";
		};
/* End PBXVariantGroup section */

/* Begin XCBuildConfiguration section */
		D7729A0C2B0FE30900D6F7B2 /* Debug */ = {
			isa = XCBuildConfiguration;
			buildSettings = {
				ALWAYS_SEARCH_USER_PATHS = NO;
				ASSETCATALOG_COMPILER_GENERATE_SWIFT_ASSET_SYMBOL_EXTENSIONS = YES;
				CLANG_ANALYZER_NONNULL = YES;
				CLANG_ANALYZER_NUMBER_OBJECT_CONVERSION = YES_AGGRESSIVE;
				CLANG_CXX_LANGUAGE_STANDARD = "gnu++20";
				CLANG_ENABLE_MODULES = YES;
				CLANG_ENABLE_OBJC_ARC = YES;
				CLANG_ENABLE_OBJC_WEAK = YES;
				CLANG_WARN_BLOCK_CAPTURE_AUTORELEASING = YES;
				CLANG_WARN_BOOL_CONVERSION = YES;
				CLANG_WARN_COMMA = YES;
				CLANG_WARN_CONSTANT_CONVERSION = YES;
				CLANG_WARN_DEPRECATED_OBJC_IMPLEMENTATIONS = YES;
				CLANG_WARN_DIRECT_OBJC_ISA_USAGE = YES_ERROR;
				CLANG_WARN_DOCUMENTATION_COMMENTS = YES;
				CLANG_WARN_EMPTY_BODY = YES;
				CLANG_WARN_ENUM_CONVERSION = YES;
				CLANG_WARN_INFINITE_RECURSION = YES;
				CLANG_WARN_INT_CONVERSION = YES;
				CLANG_WARN_NON_LITERAL_NULL_CONVERSION = YES;
				CLANG_WARN_OBJC_IMPLICIT_RETAIN_SELF = YES;
				CLANG_WARN_OBJC_LITERAL_CONVERSION = YES;
				CLANG_WARN_OBJC_ROOT_CLASS = YES_ERROR;
				CLANG_WARN_QUOTED_INCLUDE_IN_FRAMEWORK_HEADER = YES;
				CLANG_WARN_RANGE_LOOP_ANALYSIS = YES;
				CLANG_WARN_STRICT_PROTOTYPES = YES;
				CLANG_WARN_SUSPICIOUS_MOVE = YES;
				CLANG_WARN_UNGUARDED_AVAILABILITY = YES_AGGRESSIVE;
				CLANG_WARN_UNREACHABLE_CODE = YES;
				CLANG_WARN__DUPLICATE_METHOD_MATCH = YES;
				COPY_PHASE_STRIP = NO;
				DEBUG_INFORMATION_FORMAT = dwarf;
				ENABLE_STRICT_OBJC_MSGSEND = YES;
				ENABLE_TESTABILITY = YES;
				ENABLE_USER_SCRIPT_SANDBOXING = YES;
				GCC_C_LANGUAGE_STANDARD = gnu17;
				GCC_DYNAMIC_NO_PIC = NO;
				GCC_NO_COMMON_BLOCKS = YES;
				GCC_OPTIMIZATION_LEVEL = 0;
				GCC_PREPROCESSOR_DEFINITIONS = (
					"DEBUG=1",
					"$(inherited)",
				);
				GCC_WARN_64_TO_32_BIT_CONVERSION = YES;
				GCC_WARN_ABOUT_RETURN_TYPE = YES_ERROR;
				GCC_WARN_UNDECLARED_SELECTOR = YES;
				GCC_WARN_UNINITIALIZED_AUTOS = YES_AGGRESSIVE;
				GCC_WARN_UNUSED_FUNCTION = YES;
				GCC_WARN_UNUSED_VARIABLE = YES;
				IPHONEOS_DEPLOYMENT_TARGET = 17.0;
				LOCALIZATION_PREFERS_STRING_CATALOGS = YES;
				MTL_ENABLE_DEBUG_INFO = INCLUDE_SOURCE;
				MTL_FAST_MATH = YES;
				ONLY_ACTIVE_ARCH = YES;
				SDKROOT = iphoneos;
				SWIFT_ACTIVE_COMPILATION_CONDITIONS = "DEBUG $(inherited)";
				SWIFT_OPTIMIZATION_LEVEL = "-Onone";
			};
			name = Debug;
		};
		D7729A0D2B0FE30900D6F7B2 /* Release */ = {
			isa = XCBuildConfiguration;
			buildSettings = {
				ALWAYS_SEARCH_USER_PATHS = NO;
				ASSETCATALOG_COMPILER_GENERATE_SWIFT_ASSET_SYMBOL_EXTENSIONS = YES;
				CLANG_ANALYZER_NONNULL = YES;
				CLANG_ANALYZER_NUMBER_OBJECT_CONVERSION = YES_AGGRESSIVE;
				CLANG_CXX_LANGUAGE_STANDARD = "gnu++20";
				CLANG_ENABLE_MODULES = YES;
				CLANG_ENABLE_OBJC_ARC = YES;
				CLANG_ENABLE_OBJC_WEAK = YES;
				CLANG_WARN_BLOCK_CAPTURE_AUTORELEASING = YES;
				CLANG_WARN_BOOL_CONVERSION = YES;
				CLANG_WARN_COMMA = YES;
				CLANG_WARN_CONSTANT_CONVERSION = YES;
				CLANG_WARN_DEPRECATED_OBJC_IMPLEMENTATIONS = YES;
				CLANG_WARN_DIRECT_OBJC_ISA_USAGE = YES_ERROR;
				CLANG_WARN_DOCUMENTATION_COMMENTS = YES;
				CLANG_WARN_EMPTY_BODY = YES;
				CLANG_WARN_ENUM_CONVERSION = YES;
				CLANG_WARN_INFINITE_RECURSION = YES;
				CLANG_WARN_INT_CONVERSION = YES;
				CLANG_WARN_NON_LITERAL_NULL_CONVERSION = YES;
				CLANG_WARN_OBJC_IMPLICIT_RETAIN_SELF = YES;
				CLANG_WARN_OBJC_LITERAL_CONVERSION = YES;
				CLANG_WARN_OBJC_ROOT_CLASS = YES_ERROR;
				CLANG_WARN_QUOTED_INCLUDE_IN_FRAMEWORK_HEADER = YES;
				CLANG_WARN_RANGE_LOOP_ANALYSIS = YES;
				CLANG_WARN_STRICT_PROTOTYPES = YES;
				CLANG_WARN_SUSPICIOUS_MOVE = YES;
				CLANG_WARN_UNGUARDED_AVAILABILITY = YES_AGGRESSIVE;
				CLANG_WARN_UNREACHABLE_CODE = YES;
				CLANG_WARN__DUPLICATE_METHOD_MATCH = YES;
				COPY_PHASE_STRIP = NO;
				DEBUG_INFORMATION_FORMAT = "dwarf-with-dsym";
				ENABLE_NS_ASSERTIONS = NO;
				ENABLE_STRICT_OBJC_MSGSEND = YES;
				ENABLE_USER_SCRIPT_SANDBOXING = YES;
				GCC_C_LANGUAGE_STANDARD = gnu17;
				GCC_NO_COMMON_BLOCKS = YES;
				GCC_WARN_64_TO_32_BIT_CONVERSION = YES;
				GCC_WARN_ABOUT_RETURN_TYPE = YES_ERROR;
				GCC_WARN_UNDECLARED_SELECTOR = YES;
				GCC_WARN_UNINITIALIZED_AUTOS = YES_AGGRESSIVE;
				GCC_WARN_UNUSED_FUNCTION = YES;
				GCC_WARN_UNUSED_VARIABLE = YES;
				IPHONEOS_DEPLOYMENT_TARGET = 17.0;
				LOCALIZATION_PREFERS_STRING_CATALOGS = YES;
				MTL_ENABLE_DEBUG_INFO = NO;
				MTL_FAST_MATH = YES;
				SDKROOT = iphoneos;
				SWIFT_COMPILATION_MODE = wholemodule;
				VALIDATE_PRODUCT = YES;
			};
			name = Release;
		};
		D7729A0F2B0FE30900D6F7B2 /* Debug */ = {
			isa = XCBuildConfiguration;
			buildSettings = {
				ASSETCATALOG_COMPILER_APPICON_NAME = AppIcon;
				ASSETCATALOG_COMPILER_GLOBAL_ACCENT_COLOR_NAME = AccentColor;
				CODE_SIGN_STYLE = Automatic;
				CURRENT_PROJECT_VERSION = 1;
				DEVELOPMENT_TEAM = 3M9TNH7XM2;
				GENERATE_INFOPLIST_FILE = YES;
				INFOPLIST_FILE = "HW-5(UITableView)/Info.plist";
				INFOPLIST_KEY_UIApplicationSupportsIndirectInputEvents = YES;
				INFOPLIST_KEY_UILaunchStoryboardName = LaunchScreen;
				INFOPLIST_KEY_UISupportedInterfaceOrientations_iPad = "UIInterfaceOrientationPortrait UIInterfaceOrientationPortraitUpsideDown UIInterfaceOrientationLandscapeLeft UIInterfaceOrientationLandscapeRight";
				INFOPLIST_KEY_UISupportedInterfaceOrientations_iPhone = "UIInterfaceOrientationPortrait UIInterfaceOrientationLandscapeLeft UIInterfaceOrientationLandscapeRight";
				LD_RUNPATH_SEARCH_PATHS = (
					"$(inherited)",
					"@executable_path/Frameworks",
				);
				MARKETING_VERSION = 1.0;
				PRODUCT_BUNDLE_IDENTIFIER = "Dev.HW-5-UITableView-";
				PRODUCT_NAME = "$(TARGET_NAME)";
				SWIFT_EMIT_LOC_STRINGS = YES;
				SWIFT_VERSION = 5.0;
				TARGETED_DEVICE_FAMILY = "1,2";
			};
			name = Debug;
		};
		D7729A102B0FE30900D6F7B2 /* Release */ = {
			isa = XCBuildConfiguration;
			buildSettings = {
				ASSETCATALOG_COMPILER_APPICON_NAME = AppIcon;
				ASSETCATALOG_COMPILER_GLOBAL_ACCENT_COLOR_NAME = AccentColor;
				CODE_SIGN_STYLE = Automatic;
				CURRENT_PROJECT_VERSION = 1;
				DEVELOPMENT_TEAM = 3M9TNH7XM2;
				GENERATE_INFOPLIST_FILE = YES;
				INFOPLIST_FILE = "HW-5(UITableView)/Info.plist";
				INFOPLIST_KEY_UIApplicationSupportsIndirectInputEvents = YES;
				INFOPLIST_KEY_UILaunchStoryboardName = LaunchScreen;
				INFOPLIST_KEY_UISupportedInterfaceOrientations_iPad = "UIInterfaceOrientationPortrait UIInterfaceOrientationPortraitUpsideDown UIInterfaceOrientationLandscapeLeft UIInterfaceOrientationLandscapeRight";
				INFOPLIST_KEY_UISupportedInterfaceOrientations_iPhone = "UIInterfaceOrientationPortrait UIInterfaceOrientationLandscapeLeft UIInterfaceOrientationLandscapeRight";
				LD_RUNPATH_SEARCH_PATHS = (
					"$(inherited)",
					"@executable_path/Frameworks",
				);
				MARKETING_VERSION = 1.0;
				PRODUCT_BUNDLE_IDENTIFIER = "Dev.HW-5-UITableView-";
				PRODUCT_NAME = "$(TARGET_NAME)";
				SWIFT_EMIT_LOC_STRINGS = YES;
				SWIFT_VERSION = 5.0;
				TARGETED_DEVICE_FAMILY = "1,2";
			};
			name = Release;
		};
/* End XCBuildConfiguration section */

/* Begin XCConfigurationList section */
		D77299F52B0FE30700D6F7B2 /* Build configuration list for PBXProject "HW-5(UITableView)" */ = {
			isa = XCConfigurationList;
			buildConfigurations = (
				D7729A0C2B0FE30900D6F7B2 /* Debug */,
				D7729A0D2B0FE30900D6F7B2 /* Release */,
			);
			defaultConfigurationIsVisible = 0;
			defaultConfigurationName = Release;
		};
		D7729A0E2B0FE30900D6F7B2 /* Build configuration list for PBXNativeTarget "HW-5(UITableView)" */ = {
			isa = XCConfigurationList;
			buildConfigurations = (
				D7729A0F2B0FE30900D6F7B2 /* Debug */,
				D7729A102B0FE30900D6F7B2 /* Release */,
			);
			defaultConfigurationIsVisible = 0;
			defaultConfigurationName = Release;
		};
/* End XCConfigurationList section */
	};
	rootObject = D77299F22B0FE30700D6F7B2 /* Project object */;
}
